<?xml version="1.0" encoding="utf-8"?>
<Project ToolsVersion="4.0" xmlns="http://schemas.microsoft.com/developer/msbuild/2003">
  <ItemGroup>
    <Filter Include="Source Files">
      <UniqueIdentifier>{4FC737F1-C7A5-4376-A066-2A32D752A2FF}</UniqueIdentifier>
      <Extensions>cpp;c;cc;cxx;def;odl;idl;hpj;bat;asm;asmx</Extensions>
    </Filter>
    <Filter Include="Header Files">
      <UniqueIdentifier>{93995380-89BD-4b04-88EB-625FBE52EBFB}</UniqueIdentifier>
      <Extensions>h;hh;hpp;hxx;hm;inl;inc;ipp;xsd</Extensions>
    </Filter>
    <Filter Include="Resource Files">
      <UniqueIdentifier>{67DA6AB6-F800-4c08-8B7A-83BB121AAD01}</UniqueIdentifier>
      <Extensions>rc;ico;cur;bmp;dlg;rc2;rct;bin;rgs;gif;jpg;jpeg;jpe;resx;tiff;tif;png;wav;mfcribbon-ms</Extensions>
    </Filter>
    <Filter Include="Header Files\ImageFiles">
      <UniqueIdentifier>{647e70d6-7b25-4c03-8771-a805232171e8}</UniqueIdentifier>
    </Filter>
  </ItemGroup>
  <ItemGroup>
    <ClInclude Include="stdafx.h">
      <Filter>Header Files</Filter>
    </ClInclude>
    <ClInclude Include="targetver.h">
      <Filter>Header Files</Filter>
    </ClInclude>
    <ClInclude Include="App.h">
      <Filter>Header Files</Filter>
    </ClInclude>
    <ClInclude Include="GlutApp.h">
      <Filter>Header Files</Filter>
    </ClInclude>
    <ClInclude Include="Border.h">
      <Filter>Header Files</Filter>
    </ClInclude>
    <ClInclude Include="Rect.h">
      <Filter>Header Files</Filter>
    </ClInclude>
    <ClInclude Include="RgbImage.h">
      <Filter>Header Files</Filter>
    </ClInclude>
    <ClInclude Include="TexRect.h">
      <Filter>Header Files</Filter>
    </ClInclude>
    <ClInclude Include="Wall.h">
      <Filter>Header Files</Filter>
    </ClInclude>
    <ClInclude Include="XY.h">
      <Filter>Header Files</Filter>
    </ClInclude>
    <ClInclude Include="Board.h">
      <Filter>Header Files</Filter>
    </ClInclude>
    <ClInclude Include="Object.h">
      <Filter>Header Files</Filter>
    </ClInclude>
    <ClInclude Include="Node.h">
      <Filter>Header Files</Filter>
    </ClInclude>
    <ClInclude Include="Navigation.h">
      <Filter>Header Files</Filter>
    </ClInclude>
    <ClInclude Include="Enemy.h">
      <Filter>Header Files</Filter>
    </ClInclude>
    <ClInclude Include="Player.h">
      <Filter>Header Files</Filter>
    </ClInclude>
    <ClInclude Include="Dots.h">
      <Filter>Header Files</Filter>
    </ClInclude>
    <ClInclude Include="AnimatedRect.h">
      <Filter>Header Files</Filter>
    </ClInclude>
  </ItemGroup>
  <ItemGroup>
    <ClCompile Include="stdafx.cpp">
      <Filter>Source Files</Filter>
    </ClCompile>
    <ClCompile Include="Pac-Man.cpp">
      <Filter>Source Files</Filter>
    </ClCompile>
    <ClCompile Include="App.cpp">
      <Filter>Header Files</Filter>
    </ClCompile>
    <ClCompile Include="GlutApp.cpp">
      <Filter>Source Files</Filter>
    </ClCompile>
    <ClCompile Include="RgbImage.cpp">
      <Filter>Header Files</Filter>
    </ClCompile>
    <ClCompile Include="TexRect.cpp">
      <Filter>Header Files</Filter>
    </ClCompile>
    <ClCompile Include="Board.cpp">
      <Filter>Header Files</Filter>
    </ClCompile>
    <ClCompile Include="Node.cpp">
      <Filter>Header Files</Filter>
    </ClCompile>
    <ClCompile Include="Navigation.cpp">
      <Filter>Header Files</Filter>
    </ClCompile>
    <ClCompile Include="Enemy.cpp">
      <Filter>Header Files</Filter>
    </ClCompile>
    <ClCompile Include="Player.cpp">
      <Filter>Header Files</Filter>
    </ClCompile>
    <ClCompile Include="Dots.cpp">
      <Filter>Header Files</Filter>
    </ClCompile>
    <ClCompile Include="AnimatedRect.cpp">
      <Filter>Header Files</Filter>
    </ClCompile>
  </ItemGroup>
  <ItemGroup>
    <None Include="packages.config" />
  </ItemGroup>
  <ItemGroup>
    <Image Include="explode.bmp">
      <Filter>Header Files\ImageFiles</Filter>
    </Image>
    <Image Include="fireball.bmp">
      <Filter>Header Files\ImageFiles</Filter>
    </Image>
    <Image Include="mushroom.bmp">
      <Filter>Header Files\ImageFiles</Filter>
    </Image>
    <Image Include="wall.bmp">
      <Filter>Header Files\ImageFiles</Filter>
    </Image>
    <Image Include="wall_old.bmp">
      <Filter>Header Files\ImageFiles</Filter>
    </Image>
    <Image Include="BackGround.bmp">
      <Filter>Header Files\ImageFiles</Filter>
    </Image>
    <Image Include="YellowDot.png">
      <Filter>Header Files\ImageFiles</Filter>
    </Image>
    <Image Include="Enemies.png">
      <Filter>Header Files\ImageFiles</Filter>
    </Image>
    <Image Include="Exit1.png">
      <Filter>Header Files\ImageFiles</Filter>
    </Image>
    <Image Include="Exit2.png">
      <Filter>Header Files\ImageFiles</Filter>
    </Image>
    <Image Include="Exit3.png">
      <Filter>Header Files\ImageFiles</Filter>
    </Image>
    <Image Include="Exit4.png">
      <Filter>Header Files\ImageFiles</Filter>
    </Image>
    <Image Include="PacMan.png">
      <Filter>Header Files\ImageFiles</Filter>
    </Image>
    <Image Include="PlayAgain.png">
      <Filter>Header Files\ImageFiles</Filter>
    </Image>
    <Image Include="StartGame.png">
      <Filter>Header Files\ImageFiles</Filter>
    </Image>
    <Image Include="Title.png">
      <Filter>Header Files\ImageFiles</Filter>
    </Image>
    <Image Include="Title2.png">
      <Filter>Header Files\ImageFiles</Filter>
    </Image>
    <Image Include="loading.gif">
      <Filter>Header Files\ImageFiles</Filter>
    </Image>
    <Image Include="Loading.png">
      <Filter>Header Files\ImageFiles</Filter>
    </Image>
    <Image Include="Score.png">
      <Filter>Header Files\ImageFiles</Filter>
    </Image>
  </ItemGroup>
  <ItemGroup>
    <Text Include="Nodes.txt">
      <Filter>Header Files</Filter>
    </Text>
    <Text Include="DotsList.txt">
      <Filter>Header Files</Filter>
    </Text>
  </ItemGroup>
</Project>