
Microsoft Visual Studio Solution File, Format Version 12.00
# Visual Studio 15
VisualStudioVersion = 15.0.27428.2002
MinimumVisualStudioVersion = 10.0.40219.1
Project("{8BC9CEB8-8B4A-11D0-8D11-00A0C91BC942}") = "Pac-Man", "Pac-Man\Pac-Man.vcxproj", "{329EDB8F-DAA9-43BE-91A3-F8DFC726CE2A}"
EndProject
Global
	GlobalSection(SolutionConfigurationPlatforms) = preSolution
		Debug|x64 = Debug|x64
		Debug|x86 = Debug|x86
		Release|x64 = Release|x64
		Release|x86 = Release|x86
	EndGlobalSection
	GlobalSection(ProjectConfigurationPlatforms) = postSolution
		{329EDB8F-DAA9-43BE-91A3-F8DFC726CE2A}.Debug|x64.ActiveCfg = Debug|x64
		{329EDB8F-DAA9-43BE-91A3-F8DFC726CE2A}.Debug|x64.Build.0 = Debug|x64
		{329EDB8F-DAA9-43BE-91A3-F8DFC726CE2A}.Debug|x86.ActiveCfg = Debug|Win32
		{329EDB8F-DAA9-43BE-91A3-F8DFC726CE2A}.Debug|x86.Build.0 = Debug|Win32
		{329EDB8F-DAA9-43BE-91A3-F8DFC726CE2A}.Release|x64.ActiveCfg = Release|x64
		{329EDB8F-DAA9-43BE-91A3-F8DFC726CE2A}.Release|x64.Build.0 = Release|x64
		{329EDB8F-DAA9-43BE-91A3-F8DFC726CE2A}.Release|x86.ActiveCfg = Release|Win32
		{329EDB8F-DAA9-43BE-91A3-F8DFC726CE2A}.Release|x86.Build.0 = Release|Win32
	EndGlobalSection
	GlobalSection(SolutionProperties) = preSolution
		HideSolutionNode = FALSE
	EndGlobalSection
	GlobalSection(ExtensibilityGlobals) = postSolution
		SolutionGuid = {E789B7FA-3FBE-48C4-B627-651A17BFCE54}
	EndGlobalSection
EndGlobal
